// !$*UTF8*$!
{
	archiveVersion = 1;
	classes = {
	};
	objectVersion = 46;
	objects = {

/* Begin PBXBuildFile section */
		66A298041AA72DD000F39729 /* AppDelegate.swift in Sources */ = {isa = PBXBuildFile; fileRef = 66A298031AA72DD000F39729 /* AppDelegate.swift */; };
		66A298061AA72DD000F39729 /* ViewController.swift in Sources */ = {isa = PBXBuildFile; fileRef = 66A298051AA72DD000F39729 /* ViewController.swift */; };
		66A298091AA72DD000F39729 /* Main.storyboard in Resources */ = {isa = PBXBuildFile; fileRef = 66A298071AA72DD000F39729 /* Main.storyboard */; };
		66A2980B1AA72DD000F39729 /* Images.xcassets in Resources */ = {isa = PBXBuildFile; fileRef = 66A2980A1AA72DD000F39729 /* Images.xcassets */; };
		66A2980E1AA72DD000F39729 /* LaunchScreen.xib in Resources */ = {isa = PBXBuildFile; fileRef = 66A2980C1AA72DD000F39729 /* LaunchScreen.xib */; };
		66A2981A1AA72DD000F39729 /* DLHamburguerMenuTests.swift in Sources */ = {isa = PBXBuildFile; fileRef = 66A298191AA72DD000F39729 /* DLHamburguerMenuTests.swift */; };
/* End PBXBuildFile section */

/* Begin PBXContainerItemProxy section */
		66A298141AA72DD000F39729 /* PBXContainerItemProxy */ = {
			isa = PBXContainerItemProxy;
			containerPortal = 66A297F61AA72DCF00F39729 /* Project object */;
			proxyType = 1;
			remoteGlobalIDString = 66A297FD1AA72DD000F39729;
			remoteInfo = DLHamburguerMenu;
		};
/* End PBXContainerItemProxy section */

/* Begin PBXFileReference section */
		66A297FE1AA72DD000F39729 /* DLHamburguerMenu.app */ = {isa = PBXFileReference; explicitFileType = wrapper.application; includeInIndex = 0; path = DLHamburguerMenu.app; sourceTree = BUILT_PRODUCTS_DIR; };
		66A298021AA72DD000F39729 /* Info.plist */ = {isa = PBXFileReference; lastKnownFileType = text.plist.xml; path = Info.plist; sourceTree = "<group>"; };
		66A298031AA72DD000F39729 /* AppDelegate.swift */ = {isa = PBXFileReference; lastKnownFileType = sourcecode.swift; path = AppDelegate.swift; sourceTree = "<group>"; };
		66A298051AA72DD000F39729 /* ViewController.swift */ = {isa = PBXFileReference; lastKnownFileType = sourcecode.swift; path = ViewController.swift; sourceTree = "<group>"; };
		66A298081AA72DD000F39729 /* Base */ = {isa = PBXFileReference; lastKnownFileType = file.storyboard; name = Base; path = Base.lproj/Main.storyboard; sourceTree = "<group>"; };
		66A2980A1AA72DD000F39729 /* Images.xcassets */ = {isa = PBXFileReference; lastKnownFileType = folder.assetcatalog; path = Images.xcassets; sourceTree = "<group>"; };
		66A2980D1AA72DD000F39729 /* Base */ = {isa = PBXFileReference; lastKnownFileType = file.xib; name = Base; path = Base.lproj/LaunchScreen.xib; sourceTree = "<group>"; };
		66A298131AA72DD000F39729 /* DLHamburguerMenuTests.xctest */ = {isa = PBXFileReference; explicitFileType = wrapper.cfbundle; includeInIndex = 0; path = DLHamburguerMenuTests.xctest; sourceTree = BUILT_PRODUCTS_DIR; };
		66A298181AA72DD000F39729 /* Info.plist */ = {isa = PBXFileReference; lastKnownFileType = text.plist.xml; path = Info.plist; sourceTree = "<group>"; };
		66A298191AA72DD000F39729 /* DLHamburguerMenuTests.swift */ = {isa = PBXFileReference; lastKnownFileType = sourcecode.swift; path = DLHamburguerMenuTests.swift; sourceTree = "<group>"; };
/* End PBXFileReference section */

/* Begin PBXFrameworksBuildPhase section */
		66A297FB1AA72DD000F39729 /* Frameworks */ = {
			isa = PBXFrameworksBuildPhase;
			buildActionMask = 2147483647;
			files = (
			);
			runOnlyForDeploymentPostprocessing = 0;
		};
		66A298101AA72DD000F39729 /* Frameworks */ = {
			isa = PBXFrameworksBuildPhase;
			buildActionMask = 2147483647;
			files = (
			);
			runOnlyForDeploymentPostprocessing = 0;
		};
/* End PBXFrameworksBuildPhase section */

/* Begin PBXGroup section */
		66A297F51AA72DCF00F39729 = {
			isa = PBXGroup;
			children = (
				66A298001AA72DD000F39729 /* DLHamburguerMenu */,
				66A298161AA72DD000F39729 /* DLHamburguerMenuTests */,
				66A297FF1AA72DD000F39729 /* Products */,
			);
			sourceTree = "<group>";
		};
		66A297FF1AA72DD000F39729 /* Products */ = {
			isa = PBXGroup;
			children = (
				66A297FE1AA72DD000F39729 /* DLHamburguerMenu.app */,
				66A298131AA72DD000F39729 /* DLHamburguerMenuTests.xctest */,
			);
			name = Products;
			sourceTree = "<group>";
		};
		66A298001AA72DD000F39729 /* DLHamburguerMenu */ = {
			isa = PBXGroup;
			children = (
				66A298031AA72DD000F39729 /* AppDelegate.swift */,
				66A298051AA72DD000F39729 /* ViewController.swift */,
				66A298071AA72DD000F39729 /* Main.storyboard */,
				66A2980A1AA72DD000F39729 /* Images.xcassets */,
				66A2980C1AA72DD000F39729 /* LaunchScreen.xib */,
				66A298011AA72DD000F39729 /* Supporting Files */,
			);
			path = DLHamburguerMenu;
			sourceTree = "<group>";
		};
		66A298011AA72DD000F39729 /* Supporting Files */ = {
			isa = PBXGroup;
			children = (
				66A298021AA72DD000F39729 /* Info.plist */,
			);
			name = "Supporting Files";
			sourceTree = "<group>";
		};
		66A298161AA72DD000F39729 /* DLHamburguerMenuTests */ = {
			isa = PBXGroup;
			children = (
				66A298191AA72DD000F39729 /* DLHamburguerMenuTests.swift */,
				66A298171AA72DD000F39729 /* Supporting Files */,
			);
			path = DLHamburguerMenuTests;
			sourceTree = "<group>";
		};
		66A298171AA72DD000F39729 /* Supporting Files */ = {
			isa = PBXGroup;
			children = (
				66A298181AA72DD000F39729 /* Info.plist */,
			);
			name = "Supporting Files";
			sourceTree = "<group>";
		};
/* End PBXGroup section */

/* Begin PBXNativeTarget section */
		66A297FD1AA72DD000F39729 /* DLHamburguerMenu */ = {
			isa = PBXNativeTarget;
			buildConfigurationList = 66A2981D1AA72DD000F39729 /* Build configuration list for PBXNativeTarget "DLHamburguerMenu" */;
			buildPhases = (
				66A297FA1AA72DD000F39729 /* Sources */,
				66A297FB1AA72DD000F39729 /* Frameworks */,
				66A297FC1AA72DD000F39729 /* Resources */,
			);
			buildRules = (
			);
			dependencies = (
			);
			name = DLHamburguerMenu;
			productName = DLHamburguerMenu;
			productReference = 66A297FE1AA72DD000F39729 /* DLHamburguerMenu.app */;
			productType = "com.apple.product-type.application";
		};
		66A298121AA72DD000F39729 /* DLHamburguerMenuTests */ = {
			isa = PBXNativeTarget;
			buildConfigurationList = 66A298201AA72DD000F39729 /* Build configuration list for PBXNativeTarget "DLHamburguerMenuTests" */;
			buildPhases = (
				66A2980F1AA72DD000F39729 /* Sources */,
				66A298101AA72DD000F39729 /* Frameworks */,
				66A298111AA72DD000F39729 /* Resources */,
			);
			buildRules = (
			);
			dependencies = (
				66A298151AA72DD000F39729 /* PBXTargetDependency */,
			);
			name = DLHamburguerMenuTests;
			productName = DLHamburguerMenuTests;
			productReference = 66A298131AA72DD000F39729 /* DLHamburguerMenuTests.xctest */;
			productType = "com.apple.product-type.bundle.unit-test";
		};
/* End PBXNativeTarget section */

/* Begin PBXProject section */
		66A297F61AA72DCF00F39729 /* Project object */ = {
			isa = PBXProject;
			attributes = {
				LastUpgradeCheck = 0610;
				ORGANIZATIONNAME = "Ignacio Nieto Carvajal";
				TargetAttributes = {
					66A297FD1AA72DD000F39729 = {
						CreatedOnToolsVersion = 6.1.1;
					};
					66A298121AA72DD000F39729 = {
						CreatedOnToolsVersion = 6.1.1;
						TestTargetID = 66A297FD1AA72DD000F39729;
					};
				};
			};
			buildConfigurationList = 66A297F91AA72DCF00F39729 /* Build configuration list for PBXProject "DLHamburguerMenu" */;
			compatibilityVersion = "Xcode 3.2";
			developmentRegion = English;
			hasScannedForEncodings = 0;
			knownRegions = (
				en,
				Base,
			);
			mainGroup = 66A297F51AA72DCF00F39729;
			productRefGroup = 66A297FF1AA72DD000F39729 /* Products */;
			projectDirPath = "";
			projectRoot = "";
			targets = (
				66A297FD1AA72DD000F39729 /* DLHamburguerMenu */,
				66A298121AA72DD000F39729 /* DLHamburguerMenuTests */,
			);
		};
/* End PBXProject section */

/* Begin PBXResourcesBuildPhase section */
		66A297FC1AA72DD000F39729 /* Resources */ = {
			isa = PBXResourcesBuildPhase;
			buildActionMask = 2147483647;
			files = (
				66A298091AA72DD000F39729 /* Main.storyboard in Resources */,
				66A2980E1AA72DD000F39729 /* LaunchScreen.xib in Resources */,
				66A2980B1AA72DD000F39729 /* Images.xcassets in Resources */,
			);
			runOnlyForDeploymentPostprocessing = 0;
		};
		66A298111AA72DD000F39729 /* Resources */ = {
			isa = PBXResourcesBuildPhase;
			buildActionMask = 2147483647;
			files = (
			);
			runOnlyForDeploymentPostprocessing = 0;
		};
/* End PBXResourcesBuildPhase section */

/* Begin PBXSourcesBuildPhase section */
		66A297FA1AA72DD000F39729 /* Sources */ = {
			isa = PBXSourcesBuildPhase;
			buildActionMask = 2147483647;
			files = (
				66A298061AA72DD000F39729 /* ViewController.swift in Sources */,
				66A298041AA72DD000F39729 /* AppDelegate.swift in Sources */,
			);
			runOnlyForDeploymentPostprocessing = 0;
		};
		66A2980F1AA72DD000F39729 /* Sources */ = {
			isa = PBXSourcesBuildPhase;
			buildActionMask = 2147483647;
			files = (
				66A2981A1AA72DD000F39729 /* DLHamburguerMenuTests.swift in Sources */,
			);
			runOnlyForDeploymentPostprocessing = 0;
		};
/* End PBXSourcesBuildPhase section */

/* Begin PBXTargetDependency section */
		66A298151AA72DD000F39729 /* PBXTargetDependency */ = {
			isa = PBXTargetDependency;
			target = 66A297FD1AA72DD000F39729 /* DLHamburguerMenu */;
			targetProxy = 66A298141AA72DD000F39729 /* PBXContainerItemProxy */;
		};
/* End PBXTargetDependency section */

/* Begin PBXVariantGroup section */
		66A298071AA72DD000F39729 /* Main.storyboard */ = {
			isa = PBXVariantGroup;
			children = (
				66A298081AA72DD000F39729 /* Base */,
			);
			name = Main.storyboard;
			sourceTree = "<group>";
		};
		66A2980C1AA72DD000F39729 /* LaunchScreen.xib */ = {
			isa = PBXVariantGroup;
			children = (
				66A2980D1AA72DD000F39729 /* Base */,
			);
			name = LaunchScreen.xib;
			sourceTree = "<group>";
		};
/* End PBXVariantGroup section */

/* Begin XCBuildConfiguration section */
		66A2981B1AA72DD000F39729 /* Debug */ = {
			isa = XCBuildConfiguration;
			buildSettings = {
				ALWAYS_SEARCH_USER_PATHS = NO;
				CLANG_CXX_LANGUAGE_STANDARD = "gnu++0x";
				CLANG_CXX_LIBRARY = "libc++";
				CLANG_ENABLE_MODULES = YES;
				CLANG_ENABLE_OBJC_ARC = YES;
				CLANG_WARN_BOOL_CONVERSION = YES;
				CLANG_WARN_CONSTANT_CONVERSION = YES;
				CLANG_WARN_DIRECT_OBJC_ISA_USAGE = YES_ERROR;
				CLANG_WARN_EMPTY_BODY = YES;
				CLANG_WARN_ENUM_CONVERSION = YES;
				CLANG_WARN_INT_CONVERSION = YES;
				CLANG_WARN_OBJC_ROOT_CLASS = YES_ERROR;
				CLANG_WARN_UNREACHABLE_CODE = YES;
				CLANG_WARN__DUPLICATE_METHOD_MATCH = YES;
				"CODE_SIGN_IDENTITY[sdk=iphoneos*]" = "iPhone Developer";
				COPY_PHASE_STRIP = NO;
				ENABLE_STRICT_OBJC_MSGSEND = YES;
				GCC_C_LANGUAGE_STANDARD = gnu99;
				GCC_DYNAMIC_NO_PIC = NO;
				GCC_OPTIMIZATION_LEVEL = 0;
				GCC_PREPROCESSOR_DEFINITIONS = (
					"DEBUG=1",
					"$(inherited)",
				);
				GCC_SYMBOLS_PRIVATE_EXTERN = NO;
				GCC_WARN_64_TO_32_BIT_CONVERSION = YES;
				GCC_WARN_ABOUT_RETURN_TYPE = YES_ERROR;
				GCC_WARN_UNDECLARED_SELECTOR = YES;
				GCC_WARN_UNINITIALIZED_AUTOS = YES_AGGRESSIVE;
				GCC_WARN_UNUSED_FUNCTION = YES;
				GCC_WARN_UNUSED_VARIABLE = YES;
				IPHONEOS_DEPLOYMENT_TARGET = 8.1;
				MTL_ENABLE_DEBUG_INFO = YES;
				ONLY_ACTIVE_ARCH = YES;
				SDKROOT = iphoneos;
				SWIFT_OPTIMIZATION_LEVEL = "-Onone";
				TARGETED_DEVICE_FAMILY = "1,2";
			};
			name = Debug;
		};
		66A2981C1AA72DD000F39729 /* Release */ = {
			isa = XCBuildConfiguration;
			buildSettings = {
				ALWAYS_SEARCH_USER_PATHS = NO;
				CLANG_CXX_LANGUAGE_STANDARD = "gnu++0x";
				CLANG_CXX_LIBRARY = "libc++";
				CLANG_ENABLE_MODULES = YES;
				CLANG_ENABLE_OBJC_ARC = YES;
				CLANG_WARN_BOOL_CONVERSION = YES;
				CLANG_WARN_CONSTANT_CONVERSION = YES;
				CLANG_WARN_DIRECT_OBJC_ISA_USAGE = YES_ERROR;
				CLANG_WARN_EMPTY_BODY = YES;
				CLANG_WARN_ENUM_CONVERSION = YES;
				CLANG_WARN_INT_CONVERSION = YES;
				CLANG_WARN_OBJC_ROOT_CLASS = YES_ERROR;
				CLANG_WARN_UNREACHABLE_CODE = YES;
				CLANG_WARN__DUPLICATE_METHOD_MATCH = YES;
				"CODE_SIGN_IDENTITY[sdk=iphoneos*]" = "iPhone Developer";
				COPY_PHASE_STRIP = YES;
				ENABLE_NS_ASSERTIONS = NO;
				ENABLE_STRICT_OBJC_MSGSEND = YES;
				GCC_C_LANGUAGE_STANDARD = gnu99;
				GCC_WARN_64_TO_32_BIT_CONVERSION = YES;
				GCC_WARN_ABOUT_RETURN_TYPE = YES_ERROR;
				GCC_WARN_UNDECLARED_SELECTOR = YES;
				GCC_WARN_UNINITIALIZED_AUTOS = YES_AGGRESSIVE;
				GCC_WARN_UNUSED_FUNCTION = YES;
				GCC_WARN_UNUSED_VARIABLE = YES;
				IPHONEOS_DEPLOYMENT_TARGET = 8.1;
				MTL_ENABLE_DEBUG_INFO = NO;
				SDKROOT = iphoneos;
				TARGETED_DEVICE_FAMILY = "1,2";
				VALIDATE_PRODUCT = YES;
			};
			name = Release;
		};
		66A2981E1AA72DD000F39729 /* Debug */ = {
			isa = XCBuildConfiguration;
			buildSettings = {
				ASSETCATALOG_COMPILER_APPICON_NAME = AppIcon;
				INFOPLIST_FILE = DLHamburguerMenu/Info.plist;
				LD_RUNPATH_SEARCH_PATHS = "$(inherited) @executable_path/Frameworks";
				PRODUCT_NAME = "$(TARGET_NAME)";
			};
			name = Debug;
		};
		66A2981F1AA72DD000F39729 /* Release */ = {
			isa = XCBuildConfiguration;
			buildSettings = {
				ASSETCATALOG_COMPILER_APPICON_NAME = AppIcon;
				INFOPLIST_FILE = DLHamburguerMenu/Info.plist;
				LD_RUNPATH_SEARCH_PATHS = "$(inherited) @executable_path/Frameworks";
				PRODUCT_NAME = "$(TARGET_NAME)";
			};
			name = Release;
		};
		66A298211AA72DD000F39729 /* Debug */ = {
			isa = XCBuildConfiguration;
			buildSettings = {
				BUNDLE_LOADER = "$(TEST_HOST)";
				FRAMEWORK_SEARCH_PATHS = (
					"$(SDKROOT)/Developer/Library/Frameworks",
					"$(inherited)",
				);
				GCC_PREPROCESSOR_DEFINITIONS = (
					"DEBUG=1",
					"$(inherited)",
				);
				INFOPLIST_FILE = DLHamburguerMenuTests/Info.plist;
				LD_RUNPATH_SEARCH_PATHS = "$(inherited) @executable_path/Frameworks @loader_path/Frameworks";
				PRODUCT_NAME = "$(TARGET_NAME)";
				TEST_HOST = "$(BUILT_PRODUCTS_DIR)/DLHamburguerMenu.app/DLHamburguerMenu";
			};
			name = Debug;
		};
		66A298221AA72DD000F39729 /* Release */ = {
			isa = XCBuildConfiguration;
			buildSettings = {
				BUNDLE_LOADER = "$(TEST_HOST)";
				FRAMEWORK_SEARCH_PATHS = (
					"$(SDKROOT)/Developer/Library/Frameworks",
					"$(inherited)",
				);
				INFOPLIST_FILE = DLHamburguerMenuTests/Info.plist;
				LD_RUNPATH_SEARCH_PATHS = "$(inherited) @executable_path/Frameworks @loader_path/Frameworks";
				PRODUCT_NAME = "$(TARGET_NAME)";
				TEST_HOST = "$(BUILT_PRODUCTS_DIR)/DLHamburguerMenu.app/DLHamburguerMenu";
			};
			name = Release;
		};
/* End XCBuildConfiguration section */

/* Begin XCConfigurationList section */
		66A297F91AA72DCF00F39729 /* Build configuration list for PBXProject "DLHamburguerMenu" */ = {
			isa = XCConfigurationList;
			buildConfigurations = (
				66A2981B1AA72DD000F39729 /* Debug */,
				66A2981C1AA72DD000F39729 /* Release */,
			);
			defaultConfigurationIsVisible = 0;
			defaultConfigurationName = Release;
		};
		66A2981D1AA72DD000F39729 /* Build configuration list for PBXNativeTarget "DLHamburguerMenu" */ = {
			isa = XCConfigurationList;
			buildConfigurations = (
				66A2981E1AA72DD000F39729 /* Debug */,
				66A2981F1AA72DD000F39729 /* Release */,
			);
			defaultConfigurationIsVisible = 0;
		};
		66A298201AA72DD000F39729 /* Build configuration list for PBXNativeTarget "DLHamburguerMenuTests" */ = {
			isa = XCConfigurationList;
			buildConfigurations = (
				66A298211AA72DD000F39729 /* Debug */,
				66A298221AA72DD000F39729 /* Release */,
			);
			defaultConfigurationIsVisible = 0;
		};
/* End XCConfigurationList section */
	};
	rootObject = 66A297F61AA72DCF00F39729 /* Project object */;
}
